
Microsoft Visual Studio Solution File, Format Version 12.00
# Visual Studio Version 17
VisualStudioVersion = 17.14.36127.28 d17.14
MinimumVisualStudioVersion = 10.0.40219.1
Project("{FAE04EC0-301F-11D3-BF4B-00C04F79EFBC}") = "CadastroApp", "CadastroApp\CadastroApp.csproj", "{8DD71F98-375D-4893-8B18-E912C3A1ED7E}"
EndProject
Project("{FAE04EC0-301F-11D3-BF4B-00C04F79EFBC}") = "CadastroLayout", "CadastroLayout\CadastroLayout.csproj", "{AED20337-9D98-45D8-A403-7069B543B5AE}"
EndProject
Global
	GlobalSection(SolutionConfigurationPlatforms) = preSolution
		Debug|Any CPU = Debug|Any CPU
		Release|Any CPU = Release|Any CPU
	EndGlobalSection
	GlobalSection(ProjectConfigurationPlatforms) = postSolution
		{8DD71F98-375D-4893-8B18-E912C3A1ED7E}.Debug|Any CPU.ActiveCfg = Debug|Any CPU
		{8DD71F98-375D-4893-8B18-E912C3A1ED7E}.Debug|Any CPU.Build.0 = Debug|Any CPU
		{8DD71F98-375D-4893-8B18-E912C3A1ED7E}.Release|Any CPU.ActiveCfg = Release|Any CPU
		{8DD71F98-375D-4893-8B18-E912C3A1ED7E}.Release|Any CPU.Build.0 = Release|Any CPU
		{AED20337-9D98-45D8-A403-7069B543B5AE}.Debug|Any CPU.ActiveCfg = Debug|Any CPU
		{AED20337-9D98-45D8-A403-7069B543B5AE}.Debug|Any CPU.Build.0 = Debug|Any CPU
		{AED20337-9D98-45D8-A403-7069B543B5AE}.Release|Any CPU.ActiveCfg = Release|Any CPU
		{AED20337-9D98-45D8-A403-7069B543B5AE}.Release|Any CPU.Build.0 = Release|Any CPU
	EndGlobalSection
	GlobalSection(SolutionProperties) = preSolution
		HideSolutionNode = FALSE
	EndGlobalSection
	GlobalSection(ExtensibilityGlobals) = postSolution
		SolutionGuid = {99E982CB-5BD8-4C97-B227-B754207B1869}
	EndGlobalSection
EndGlobal
